
Microsoft Visual Studio Solution File, Format Version 12.00
# Visual Studio Version 16
VisualStudioVersion = 16.0.29424.173
MinimumVisualStudioVersion = 10.0.40219.1
Project("{FAE04EC0-301F-11D3-BF4B-00C04F79EFBC}") = "CDeclGUI", "CDeclGUI.csproj", "{A75E94C7-851A-4D54-8105-BE393D298C53}"
EndProject
Global
	GlobalSection(SolutionConfigurationPlatforms) = preSolution
		Debug|Any CPU = Debug|Any CPU
		Release|Any CPU = Release|Any CPU
	EndGlobalSection
	GlobalSection(ProjectConfigurationPlatforms) = postSolution
		{A75E94C7-851A-4D54-8105-BE393D298C53}.Debug|Any CPU.ActiveCfg = Release|Any CPU
		{A75E94C7-851A-4D54-8105-BE393D298C53}.Debug|Any CPU.Build.0 = Release|Any CPU
		{A75E94C7-851A-4D54-8105-BE393D298C53}.Release|Any CPU.ActiveCfg = Release|Any CPU
		{A75E94C7-851A-4D54-8105-BE393D298C53}.Release|Any CPU.Build.0 = Release|Any CPU
	EndGlobalSection
	GlobalSection(SolutionProperties) = preSolution
		HideSolutionNode = FALSE
	EndGlobalSection
	GlobalSection(ExtensibilityGlobals) = postSolution
		SolutionGuid = {65141601-B8D6-48AD-863D-A259B86F7659}
	EndGlobalSection
EndGlobal
